{
  "nodes": {
    "devenv": {
      "locked": {
        "dir": "src/modules",
        "lastModified": 1773065998,
        "narHash": "sha256-c6PzZo/1WzPueW0e6hSXiFMLitbzb0Ut63SM22ESiB8=",
        "owner": "cachix",
        "repo": "devenv",
        "rev": "a536f93f9999763d3d8068bf0e642700b2ad59bd",
        "type": "github"
      },
      "original": {
        "dir": "src/modules",
        "owner": "cachix",
        "repo": "devenv",
        "type": "github"
      }
    },
    "nixpkgs": {
      "locked": {
        "lastModified": 1772568611,
        "narHash": "sha256-MlP1/oEpb70nVNEC/OdMcv5InGbQuXrPIbIxxpgLwwU=",
        "owner": "nixos",
        "repo": "nixpkgs",
        "rev": "daf4db17a77ecf626e988f94c364a8169dd09732",
        "type": "github"
      },
      "original": {
        "owner": "nixos",
        "repo": "nixpkgs",
        "rev": "daf4db17a77ecf626e988f94c364a8169dd09732",
        "type": "github"
      }
    },
    "root": {
      "inputs": {
        "devenv": "devenv",
        "nixpkgs": "nixpkgs"
      }
    }
  },
  "root": "root",
  "version": 7
}